
Microsoft Visual Studio Solution File, Format Version 12.00
# Visual Studio 15
VisualStudioVersion = 15.0.28307.271
MinimumVisualStudioVersion = 10.0.40219.1
Project("{FAE04EC0-301F-11D3-BF4B-00C04F79EFBC}") = "PreparationForBest", "PreparationForBest\PreparationForBest.csproj", "{127479E1-58A2-4931-943F-B9C61437BD42}"
EndProject
Project("{FAE04EC0-301F-11D3-BF4B-00C04F79EFBC}") = "HackerRank", "HackerRank\HackerRank.csproj", "{77D8628B-8D6B-4494-BC7A-C5C499FE9792}"
EndProject
Global
	GlobalSection(SolutionConfigurationPlatforms) = preSolution
		Debug|Any CPU = Debug|Any CPU
		Release|Any CPU = Release|Any CPU
	EndGlobalSection
	GlobalSection(ProjectConfigurationPlatforms) = postSolution
		{127479E1-58A2-4931-943F-B9C61437BD42}.Debug|Any CPU.ActiveCfg = Debug|Any CPU
		{127479E1-58A2-4931-943F-B9C61437BD42}.Debug|Any CPU.Build.0 = Debug|Any CPU
		{127479E1-58A2-4931-943F-B9C61437BD42}.Release|Any CPU.ActiveCfg = Release|Any CPU
		{127479E1-58A2-4931-943F-B9C61437BD42}.Release|Any CPU.Build.0 = Release|Any CPU
		{77D8628B-8D6B-4494-BC7A-C5C499FE9792}.Debug|Any CPU.ActiveCfg = Debug|Any CPU
		{77D8628B-8D6B-4494-BC7A-C5C499FE9792}.Debug|Any CPU.Build.0 = Debug|Any CPU
		{77D8628B-8D6B-4494-BC7A-C5C499FE9792}.Release|Any CPU.ActiveCfg = Release|Any CPU
		{77D8628B-8D6B-4494-BC7A-C5C499FE9792}.Release|Any CPU.Build.0 = Release|Any CPU
	EndGlobalSection
	GlobalSection(SolutionProperties) = preSolution
		HideSolutionNode = FALSE
	EndGlobalSection
	GlobalSection(ExtensibilityGlobals) = postSolution
		SolutionGuid = {A6988D87-F532-4389-961A-2F536F7D3A24}
	EndGlobalSection
EndGlobal
